
Microsoft Visual Studio Solution File, Format Version 12.00
# Visual Studio Version 17
VisualStudioVersion = 17.6.33815.320
MinimumVisualStudioVersion = 10.0.40219.1
Project("{2150E333-8FDC-42A3-9474-1A3956D46DE8}") = "app", "app", "{EEDC2A72-6300-41C3-876E-FA37A5FB646D}"
EndProject
Project("{9A19103F-16F7-4668-BE54-9A1E7A4F7556}") = "SalesSystem.Api", "SalesSystem.Api\SalesSystem.Api.csproj", "{6A0C1642-DBAD-4800-ADE5-57459E5F33EC}"
EndProject
Project("{2150E333-8FDC-42A3-9474-1A3956D46DE8}") = "src", "src", "{E8000196-670E-4413-B826-B118D89E10DB}"
EndProject
Project("{9A19103F-16F7-4668-BE54-9A1E7A4F7556}") = "SalesSystem", "SalesSystem\SalesSystem.csproj", "{549B973C-5028-4C75-8D05-3AD045A46FE6}"
EndProject
Global
	GlobalSection(SolutionConfigurationPlatforms) = preSolution
		Debug|Any CPU = Debug|Any CPU
		Release|Any CPU = Release|Any CPU
	EndGlobalSection
	GlobalSection(ProjectConfigurationPlatforms) = postSolution
		{6A0C1642-DBAD-4800-ADE5-57459E5F33EC}.Debug|Any CPU.ActiveCfg = Debug|Any CPU
		{6A0C1642-DBAD-4800-ADE5-57459E5F33EC}.Debug|Any CPU.Build.0 = Debug|Any CPU
		{6A0C1642-DBAD-4800-ADE5-57459E5F33EC}.Release|Any CPU.ActiveCfg = Release|Any CPU
		{6A0C1642-DBAD-4800-ADE5-57459E5F33EC}.Release|Any CPU.Build.0 = Release|Any CPU
		{549B973C-5028-4C75-8D05-3AD045A46FE6}.Debug|Any CPU.ActiveCfg = Debug|Any CPU
		{549B973C-5028-4C75-8D05-3AD045A46FE6}.Debug|Any CPU.Build.0 = Debug|Any CPU
		{549B973C-5028-4C75-8D05-3AD045A46FE6}.Release|Any CPU.ActiveCfg = Release|Any CPU
		{549B973C-5028-4C75-8D05-3AD045A46FE6}.Release|Any CPU.Build.0 = Release|Any CPU
	EndGlobalSection
	GlobalSection(SolutionProperties) = preSolution
		HideSolutionNode = FALSE
	EndGlobalSection
	GlobalSection(NestedProjects) = preSolution
		{6A0C1642-DBAD-4800-ADE5-57459E5F33EC} = {EEDC2A72-6300-41C3-876E-FA37A5FB646D}
		{549B973C-5028-4C75-8D05-3AD045A46FE6} = {E8000196-670E-4413-B826-B118D89E10DB}
	EndGlobalSection
	GlobalSection(ExtensibilityGlobals) = postSolution
		SolutionGuid = {FF2995DD-9254-4D2D-9E34-07E4B5EE9A98}
	EndGlobalSection
EndGlobal
